// !$*UTF8*$!
{
	archiveVersion = 1;
	classes = {
	};
	objectVersion = 46;
	objects = {

/* Begin PBXBuildFile section */
		0E16375833FC4CB7CD828562 /* libPods-WebViewJS.a in Frameworks */ = {isa = PBXBuildFile; fileRef = 2767BDB970E444EE08239297 /* libPods-WebViewJS.a */; };
		E0B83C681A01758200F31B48 /* AppDelegate.swift in Sources */ = {isa = PBXBuildFile; fileRef = E0B83C671A01758200F31B48 /* AppDelegate.swift */; };
		E0B83C6A1A01758200F31B48 /* ViewController.swift in Sources */ = {isa = PBXBuildFile; fileRef = E0B83C691A01758200F31B48 /* ViewController.swift */; };
		E0B83C6D1A01758200F31B48 /* Main.storyboard in Resources */ = {isa = PBXBuildFile; fileRef = E0B83C6B1A01758200F31B48 /* Main.storyboard */; };
		E0B83C6F1A01758200F31B48 /* Images.xcassets in Resources */ = {isa = PBXBuildFile; fileRef = E0B83C6E1A01758200F31B48 /* Images.xcassets */; };
		E0B83C721A01758200F31B48 /* LaunchScreen.xib in Resources */ = {isa = PBXBuildFile; fileRef = E0B83C701A01758200F31B48 /* LaunchScreen.xib */; };
		E0B83C7E1A01758200F31B48 /* WebViewJSTests.swift in Sources */ = {isa = PBXBuildFile; fileRef = E0B83C7D1A01758200F31B48 /* WebViewJSTests.swift */; };
/* End PBXBuildFile section */

/* Begin PBXContainerItemProxy section */
		E0B83C781A01758200F31B48 /* PBXContainerItemProxy */ = {
			isa = PBXContainerItemProxy;
			containerPortal = E0B83C5A1A01758200F31B48 /* Project object */;
			proxyType = 1;
			remoteGlobalIDString = E0B83C611A01758200F31B48;
			remoteInfo = WebViewJS;
		};
/* End PBXContainerItemProxy section */

/* Begin PBXFileReference section */
		14603E9C343EBBAE67A8216E /* Pods-WebViewJS.debug.xcconfig */ = {isa = PBXFileReference; includeInIndex = 1; lastKnownFileType = text.xcconfig; name = "Pods-WebViewJS.debug.xcconfig"; path = "Pods/Target Support Files/Pods-WebViewJS/Pods-WebViewJS.debug.xcconfig"; sourceTree = "<group>"; };
		2767BDB970E444EE08239297 /* libPods-WebViewJS.a */ = {isa = PBXFileReference; explicitFileType = archive.ar; includeInIndex = 0; path = "libPods-WebViewJS.a"; sourceTree = BUILT_PRODUCTS_DIR; };
		D4A13E0EE07965F146E50F10 /* Pods-WebViewJS.release.xcconfig */ = {isa = PBXFileReference; includeInIndex = 1; lastKnownFileType = text.xcconfig; name = "Pods-WebViewJS.release.xcconfig"; path = "Pods/Target Support Files/Pods-WebViewJS/Pods-WebViewJS.release.xcconfig"; sourceTree = "<group>"; };
		E0B83C621A01758200F31B48 /* WebViewJS.app */ = {isa = PBXFileReference; explicitFileType = wrapper.application; includeInIndex = 0; path = WebViewJS.app; sourceTree = BUILT_PRODUCTS_DIR; };
		E0B83C661A01758200F31B48 /* Info.plist */ = {isa = PBXFileReference; lastKnownFileType = text.plist.xml; path = Info.plist; sourceTree = "<group>"; };
		E0B83C671A01758200F31B48 /* AppDelegate.swift */ = {isa = PBXFileReference; lastKnownFileType = sourcecode.swift; path = AppDelegate.swift; sourceTree = "<group>"; };
		E0B83C691A01758200F31B48 /* ViewController.swift */ = {isa = PBXFileReference; lastKnownFileType = sourcecode.swift; path = ViewController.swift; sourceTree = "<group>"; };
		E0B83C6C1A01758200F31B48 /* Base */ = {isa = PBXFileReference; lastKnownFileType = file.storyboard; name = Base; path = Base.lproj/Main.storyboard; sourceTree = "<group>"; };
		E0B83C6E1A01758200F31B48 /* Images.xcassets */ = {isa = PBXFileReference; lastKnownFileType = folder.assetcatalog; path = Images.xcassets; sourceTree = "<group>"; };
		E0B83C711A01758200F31B48 /* Base */ = {isa = PBXFileReference; lastKnownFileType = file.xib; name = Base; path = Base.lproj/LaunchScreen.xib; sourceTree = "<group>"; };
		E0B83C771A01758200F31B48 /* WebViewJSTests.xctest */ = {isa = PBXFileReference; explicitFileType = wrapper.cfbundle; includeInIndex = 0; path = WebViewJSTests.xctest; sourceTree = BUILT_PRODUCTS_DIR; };
		E0B83C7C1A01758200F31B48 /* Info.plist */ = {isa = PBXFileReference; lastKnownFileType = text.plist.xml; path = Info.plist; sourceTree = "<group>"; };
		E0B83C7D1A01758200F31B48 /* WebViewJSTests.swift */ = {isa = PBXFileReference; lastKnownFileType = sourcecode.swift; path = WebViewJSTests.swift; sourceTree = "<group>"; };
		E0B83C8D1A01857200F31B48 /* EDSunrise-Set-Bridging-Header.h */ = {isa = PBXFileReference; lastKnownFileType = sourcecode.c.h; name = "EDSunrise-Set-Bridging-Header.h"; path = "../EDSunrise-Set-Bridging-Header.h"; sourceTree = "<group>"; };
/* End PBXFileReference section */

/* Begin PBXFrameworksBuildPhase section */
		E0B83C5F1A01758200F31B48 /* Frameworks */ = {
			isa = PBXFrameworksBuildPhase;
			buildActionMask = 2147483647;
			files = (
				0E16375833FC4CB7CD828562 /* libPods-WebViewJS.a in Frameworks */,
			);
			runOnlyForDeploymentPostprocessing = 0;
		};
		E0B83C741A01758200F31B48 /* Frameworks */ = {
			isa = PBXFrameworksBuildPhase;
			buildActionMask = 2147483647;
			files = (
			);
			runOnlyForDeploymentPostprocessing = 0;
		};
/* End PBXFrameworksBuildPhase section */

/* Begin PBXGroup section */
		6BCB31AAC101C55739812AF8 /* Pods */ = {
			isa = PBXGroup;
			children = (
				14603E9C343EBBAE67A8216E /* Pods-WebViewJS.debug.xcconfig */,
				D4A13E0EE07965F146E50F10 /* Pods-WebViewJS.release.xcconfig */,
			);
			name = Pods;
			sourceTree = "<group>";
		};
		DA762572D6C0519E61D9E802 /* Frameworks */ = {
			isa = PBXGroup;
			children = (
				2767BDB970E444EE08239297 /* libPods-WebViewJS.a */,
			);
			name = Frameworks;
			sourceTree = "<group>";
		};
		E0B83C591A01758200F31B48 = {
			isa = PBXGroup;
			children = (
				E0B83C641A01758200F31B48 /* WebViewJS */,
				E0B83C7A1A01758200F31B48 /* WebViewJSTests */,
				E0B83C631A01758200F31B48 /* Products */,
				6BCB31AAC101C55739812AF8 /* Pods */,
				DA762572D6C0519E61D9E802 /* Frameworks */,
			);
			sourceTree = "<group>";
		};
		E0B83C631A01758200F31B48 /* Products */ = {
			isa = PBXGroup;
			children = (
				E0B83C621A01758200F31B48 /* WebViewJS.app */,
				E0B83C771A01758200F31B48 /* WebViewJSTests.xctest */,
			);
			name = Products;
			sourceTree = "<group>";
		};
		E0B83C641A01758200F31B48 /* WebViewJS */ = {
			isa = PBXGroup;
			children = (
				E0B83C671A01758200F31B48 /* AppDelegate.swift */,
				E0B83C691A01758200F31B48 /* ViewController.swift */,
				E0B83C6B1A01758200F31B48 /* Main.storyboard */,
				E0B83C6E1A01758200F31B48 /* Images.xcassets */,
				E0B83C701A01758200F31B48 /* LaunchScreen.xib */,
				E0B83C651A01758200F31B48 /* Supporting Files */,
			);
			path = WebViewJS;
			sourceTree = "<group>";
		};
		E0B83C651A01758200F31B48 /* Supporting Files */ = {
			isa = PBXGroup;
			children = (
				E0B83C8D1A01857200F31B48 /* EDSunrise-Set-Bridging-Header.h */,
				E0B83C661A01758200F31B48 /* Info.plist */,
			);
			name = "Supporting Files";
			sourceTree = "<group>";
		};
		E0B83C7A1A01758200F31B48 /* WebViewJSTests */ = {
			isa = PBXGroup;
			children = (
				E0B83C7D1A01758200F31B48 /* WebViewJSTests.swift */,
				E0B83C7B1A01758200F31B48 /* Supporting Files */,
			);
			path = WebViewJSTests;
			sourceTree = "<group>";
		};
		E0B83C7B1A01758200F31B48 /* Supporting Files */ = {
			isa = PBXGroup;
			children = (
				E0B83C7C1A01758200F31B48 /* Info.plist */,
			);
			name = "Supporting Files";
			sourceTree = "<group>";
		};
/* End PBXGroup section */

/* Begin PBXNativeTarget section */
		E0B83C611A01758200F31B48 /* WebViewJS */ = {
			isa = PBXNativeTarget;
			buildConfigurationList = E0B83C811A01758200F31B48 /* Build configuration list for PBXNativeTarget "WebViewJS" */;
			buildPhases = (
				53B19B1D99D013E3B9FA33EF /* Check Pods Manifest.lock */,
				E0B83C5E1A01758200F31B48 /* Sources */,
				E0B83C5F1A01758200F31B48 /* Frameworks */,
				E0B83C601A01758200F31B48 /* Resources */,
				F49EC2F76682C6CB8DC569AF /* Copy Pods Resources */,
			);
			buildRules = (
			);
			dependencies = (
			);
			name = WebViewJS;
			productName = WebViewJS;
			productReference = E0B83C621A01758200F31B48 /* WebViewJS.app */;
			productType = "com.apple.product-type.application";
		};
		E0B83C761A01758200F31B48 /* WebViewJSTests */ = {
			isa = PBXNativeTarget;
			buildConfigurationList = E0B83C841A01758200F31B48 /* Build configuration list for PBXNativeTarget "WebViewJSTests" */;
			buildPhases = (
				E0B83C731A01758200F31B48 /* Sources */,
				E0B83C741A01758200F31B48 /* Frameworks */,
				E0B83C751A01758200F31B48 /* Resources */,
			);
			buildRules = (
			);
			dependencies = (
				E0B83C791A01758200F31B48 /* PBXTargetDependency */,
			);
			name = WebViewJSTests;
			productName = WebViewJSTests;
			productReference = E0B83C771A01758200F31B48 /* WebViewJSTests.xctest */;
			productType = "com.apple.product-type.bundle.unit-test";
		};
/* End PBXNativeTarget section */

/* Begin PBXProject section */
		E0B83C5A1A01758200F31B48 /* Project object */ = {
			isa = PBXProject;
			attributes = {
				LastUpgradeCheck = 0610;
				ORGANIZATIONNAME = "Natalie Podrazik";
				TargetAttributes = {
					E0B83C611A01758200F31B48 = {
						CreatedOnToolsVersion = 6.1;
					};
					E0B83C761A01758200F31B48 = {
						CreatedOnToolsVersion = 6.1;
						TestTargetID = E0B83C611A01758200F31B48;
					};
				};
			};
			buildConfigurationList = E0B83C5D1A01758200F31B48 /* Build configuration list for PBXProject "WebViewJS" */;
			compatibilityVersion = "Xcode 3.2";
			developmentRegion = English;
			hasScannedForEncodings = 0;
			knownRegions = (
				en,
				Base,
			);
			mainGroup = E0B83C591A01758200F31B48;
			productRefGroup = E0B83C631A01758200F31B48 /* Products */;
			projectDirPath = "";
			projectRoot = "";
			targets = (
				E0B83C611A01758200F31B48 /* WebViewJS */,
				E0B83C761A01758200F31B48 /* WebViewJSTests */,
			);
		};
/* End PBXProject section */

/* Begin PBXResourcesBuildPhase section */
		E0B83C601A01758200F31B48 /* Resources */ = {
			isa = PBXResourcesBuildPhase;
			buildActionMask = 2147483647;
			files = (
				E0B83C6D1A01758200F31B48 /* Main.storyboard in Resources */,
				E0B83C721A01758200F31B48 /* LaunchScreen.xib in Resources */,
				E0B83C6F1A01758200F31B48 /* Images.xcassets in Resources */,
			);
			runOnlyForDeploymentPostprocessing = 0;
		};
		E0B83C751A01758200F31B48 /* Resources */ = {
			isa = PBXResourcesBuildPhase;
			buildActionMask = 2147483647;
			files = (
			);
			runOnlyForDeploymentPostprocessing = 0;
		};
/* End PBXResourcesBuildPhase section */

/* Begin PBXShellScriptBuildPhase section */
		53B19B1D99D013E3B9FA33EF /* Check Pods Manifest.lock */ = {
			isa = PBXShellScriptBuildPhase;
			buildActionMask = 2147483647;
			files = (
			);
			inputPaths = (
			);
			name = "Check Pods Manifest.lock";
			outputPaths = (
			);
			runOnlyForDeploymentPostprocessing = 0;
			shellPath = /bin/sh;
			shellScript = "diff \"${PODS_ROOT}/../Podfile.lock\" \"${PODS_ROOT}/Manifest.lock\" > /dev/null\nif [[ $? != 0 ]] ; then\n    cat << EOM\nerror: The sandbox is not in sync with the Podfile.lock. Run 'pod install' or update your CocoaPods installation.\nEOM\n    exit 1\nfi\n";
			showEnvVarsInLog = 0;
		};
		F49EC2F76682C6CB8DC569AF /* Copy Pods Resources */ = {
			isa = PBXShellScriptBuildPhase;
			buildActionMask = 2147483647;
			files = (
			);
			inputPaths = (
			);
			name = "Copy Pods Resources";
			outputPaths = (
			);
			runOnlyForDeploymentPostprocessing = 0;
			shellPath = /bin/sh;
			shellScript = "\"${SRCROOT}/Pods/Target Support Files/Pods-WebViewJS/Pods-WebViewJS-resources.sh\"\n";
			showEnvVarsInLog = 0;
		};
/* End PBXShellScriptBuildPhase section */

/* Begin PBXSourcesBuildPhase section */
		E0B83C5E1A01758200F31B48 /* Sources */ = {
			isa = PBXSourcesBuildPhase;
			buildActionMask = 2147483647;
			files = (
				E0B83C6A1A01758200F31B48 /* ViewController.swift in Sources */,
				E0B83C681A01758200F31B48 /* AppDelegate.swift in Sources */,
			);
			runOnlyForDeploymentPostprocessing = 0;
		};
		E0B83C731A01758200F31B48 /* Sources */ = {
			isa = PBXSourcesBuildPhase;
			buildActionMask = 2147483647;
			files = (
				E0B83C7E1A01758200F31B48 /* WebViewJSTests.swift in Sources */,
			);
			runOnlyForDeploymentPostprocessing = 0;
		};
/* End PBXSourcesBuildPhase section */

/* Begin PBXTargetDependency section */
		E0B83C791A01758200F31B48 /* PBXTargetDependency */ = {
			isa = PBXTargetDependency;
			target = E0B83C611A01758200F31B48 /* WebViewJS */;
			targetProxy = E0B83C781A01758200F31B48 /* PBXContainerItemProxy */;
		};
/* End PBXTargetDependency section */

/* Begin PBXVariantGroup section */
		E0B83C6B1A01758200F31B48 /* Main.storyboard */ = {
			isa = PBXVariantGroup;
			children = (
				E0B83C6C1A01758200F31B48 /* Base */,
			);
			name = Main.storyboard;
			sourceTree = "<group>";
		};
		E0B83C701A01758200F31B48 /* LaunchScreen.xib */ = {
			isa = PBXVariantGroup;
			children = (
				E0B83C711A01758200F31B48 /* Base */,
			);
			name = LaunchScreen.xib;
			sourceTree = "<group>";
		};
/* End PBXVariantGroup section */

/* Begin XCBuildConfiguration section */
		E0B83C7F1A01758200F31B48 /* Debug */ = {
			isa = XCBuildConfiguration;
			buildSettings = {
				ALWAYS_SEARCH_USER_PATHS = NO;
				CLANG_CXX_LANGUAGE_STANDARD = "gnu++0x";
				CLANG_CXX_LIBRARY = "libc++";
				CLANG_ENABLE_MODULES = YES;
				CLANG_ENABLE_OBJC_ARC = YES;
				CLANG_WARN_BOOL_CONVERSION = YES;
				CLANG_WARN_CONSTANT_CONVERSION = YES;
				CLANG_WARN_DIRECT_OBJC_ISA_USAGE = YES_ERROR;
				CLANG_WARN_EMPTY_BODY = YES;
				CLANG_WARN_ENUM_CONVERSION = YES;
				CLANG_WARN_INT_CONVERSION = YES;
				CLANG_WARN_OBJC_ROOT_CLASS = YES_ERROR;
				CLANG_WARN_UNREACHABLE_CODE = YES;
				CLANG_WARN__DUPLICATE_METHOD_MATCH = YES;
				"CODE_SIGN_IDENTITY[sdk=iphoneos*]" = "iPhone Developer";
				COPY_PHASE_STRIP = NO;
				ENABLE_STRICT_OBJC_MSGSEND = YES;
				GCC_C_LANGUAGE_STANDARD = gnu99;
				GCC_DYNAMIC_NO_PIC = NO;
				GCC_OPTIMIZATION_LEVEL = 0;
				GCC_PREPROCESSOR_DEFINITIONS = (
					"DEBUG=1",
					"$(inherited)",
				);
				GCC_SYMBOLS_PRIVATE_EXTERN = NO;
				GCC_WARN_64_TO_32_BIT_CONVERSION = YES;
				GCC_WARN_ABOUT_RETURN_TYPE = YES_ERROR;
				GCC_WARN_UNDECLARED_SELECTOR = YES;
				GCC_WARN_UNINITIALIZED_AUTOS = YES_AGGRESSIVE;
				GCC_WARN_UNUSED_FUNCTION = YES;
				GCC_WARN_UNUSED_VARIABLE = YES;
				IPHONEOS_DEPLOYMENT_TARGET = 8.1;
				MTL_ENABLE_DEBUG_INFO = YES;
				ONLY_ACTIVE_ARCH = YES;
				SDKROOT = iphoneos;
				SWIFT_OPTIMIZATION_LEVEL = "-Onone";
			};
			name = Debug;
		};
		E0B83C801A01758200F31B48 /* Release */ = {
			isa = XCBuildConfiguration;
			buildSettings = {
				ALWAYS_SEARCH_USER_PATHS = NO;
				CLANG_CXX_LANGUAGE_STANDARD = "gnu++0x";
				CLANG_CXX_LIBRARY = "libc++";
				CLANG_ENABLE_MODULES = YES;
				CLANG_ENABLE_OBJC_ARC = YES;
				CLANG_WARN_BOOL_CONVERSION = YES;
				CLANG_WARN_CONSTANT_CONVERSION = YES;
				CLANG_WARN_DIRECT_OBJC_ISA_USAGE = YES_ERROR;
				CLANG_WARN_EMPTY_BODY = YES;
				CLANG_WARN_ENUM_CONVERSION = YES;
				CLANG_WARN_INT_CONVERSION = YES;
				CLANG_WARN_OBJC_ROOT_CLASS = YES_ERROR;
				CLANG_WARN_UNREACHABLE_CODE = YES;
				CLANG_WARN__DUPLICATE_METHOD_MATCH = YES;
				"CODE_SIGN_IDENTITY[sdk=iphoneos*]" = "iPhone Developer";
				COPY_PHASE_STRIP = YES;
				ENABLE_NS_ASSERTIONS = NO;
				ENABLE_STRICT_OBJC_MSGSEND = YES;
				GCC_C_LANGUAGE_STANDARD = gnu99;
				GCC_WARN_64_TO_32_BIT_CONVERSION = YES;
				GCC_WARN_ABOUT_RETURN_TYPE = YES_ERROR;
				GCC_WARN_UNDECLARED_SELECTOR = YES;
				GCC_WARN_UNINITIALIZED_AUTOS = YES_AGGRESSIVE;
				GCC_WARN_UNUSED_FUNCTION = YES;
				GCC_WARN_UNUSED_VARIABLE = YES;
				IPHONEOS_DEPLOYMENT_TARGET = 8.1;
				MTL_ENABLE_DEBUG_INFO = NO;
				SDKROOT = iphoneos;
				VALIDATE_PRODUCT = YES;
			};
			name = Release;
		};
		E0B83C821A01758200F31B48 /* Debug */ = {
			isa = XCBuildConfiguration;
			baseConfigurationReference = 14603E9C343EBBAE67A8216E /* Pods-WebViewJS.debug.xcconfig */;
			buildSettings = {
				ASSETCATALOG_COMPILER_APPICON_NAME = AppIcon;
				INFOPLIST_FILE = WebViewJS/Info.plist;
				LD_RUNPATH_SEARCH_PATHS = "$(inherited) @executable_path/Frameworks";
				PRODUCT_NAME = "$(TARGET_NAME)";
				SWIFT_OBJC_BRIDGING_HEADER = "EDSunrise-Set-Bridging-Header.h";
			};
			name = Debug;
		};
		E0B83C831A01758200F31B48 /* Release */ = {
			isa = XCBuildConfiguration;
			baseConfigurationReference = D4A13E0EE07965F146E50F10 /* Pods-WebViewJS.release.xcconfig */;
			buildSettings = {
				ASSETCATALOG_COMPILER_APPICON_NAME = AppIcon;
				INFOPLIST_FILE = WebViewJS/Info.plist;
				LD_RUNPATH_SEARCH_PATHS = "$(inherited) @executable_path/Frameworks";
				PRODUCT_NAME = "$(TARGET_NAME)";
				SWIFT_OBJC_BRIDGING_HEADER = "EDSunrise-Set-Bridging-Header.h";
			};
			name = Release;
		};
		E0B83C851A01758200F31B48 /* Debug */ = {
			isa = XCBuildConfiguration;
			buildSettings = {
				BUNDLE_LOADER = "$(TEST_HOST)";
				FRAMEWORK_SEARCH_PATHS = (
					"$(SDKROOT)/Developer/Library/Frameworks",
					"$(inherited)",
				);
				GCC_PREPROCESSOR_DEFINITIONS = (
					"DEBUG=1",
					"$(inherited)",
				);
				INFOPLIST_FILE = WebViewJSTests/Info.plist;
				LD_RUNPATH_SEARCH_PATHS = "$(inherited) @executable_path/Frameworks @loader_path/Frameworks";
				PRODUCT_NAME = "$(TARGET_NAME)";
				TEST_HOST = "$(BUILT_PRODUCTS_DIR)/WebViewJS.app/WebViewJS";
			};
			name = Debug;
		};
		E0B83C861A01758200F31B48 /* Release */ = {
			isa = XCBuildConfiguration;
			buildSettings = {
				BUNDLE_LOADER = "$(TEST_HOST)";
				FRAMEWORK_SEARCH_PATHS = (
					"$(SDKROOT)/Developer/Library/Frameworks",
					"$(inherited)",
				);
				INFOPLIST_FILE = WebViewJSTests/Info.plist;
				LD_RUNPATH_SEARCH_PATHS = "$(inherited) @executable_path/Frameworks @loader_path/Frameworks";
				PRODUCT_NAME = "$(TARGET_NAME)";
				TEST_HOST = "$(BUILT_PRODUCTS_DIR)/WebViewJS.app/WebViewJS";
			};
			name = Release;
		};
/* End XCBuildConfiguration section */

/* Begin XCConfigurationList section */
		E0B83C5D1A01758200F31B48 /* Build configuration list for PBXProject "WebViewJS" */ = {
			isa = XCConfigurationList;
			buildConfigurations = (
				E0B83C7F1A01758200F31B48 /* Debug */,
				E0B83C801A01758200F31B48 /* Release */,
			);
			defaultConfigurationIsVisible = 0;
			defaultConfigurationName = Release;
		};
		E0B83C811A01758200F31B48 /* Build configuration list for PBXNativeTarget "WebViewJS" */ = {
			isa = XCConfigurationList;
			buildConfigurations = (
				E0B83C821A01758200F31B48 /* Debug */,
				E0B83C831A01758200F31B48 /* Release */,
			);
			defaultConfigurationIsVisible = 0;
			defaultConfigurationName = Release;
		};
		E0B83C841A01758200F31B48 /* Build configuration list for PBXNativeTarget "WebViewJSTests" */ = {
			isa = XCConfigurationList;
			buildConfigurations = (
				E0B83C851A01758200F31B48 /* Debug */,
				E0B83C861A01758200F31B48 /* Release */,
			);
			defaultConfigurationIsVisible = 0;
			defaultConfigurationName = Release;
		};
/* End XCConfigurationList section */
	};
	rootObject = E0B83C5A1A01758200F31B48 /* Project object */;
}
